{
    "_readme": [
        "This file locks the dependencies of your project to a known state",
        "Read more about it at https://getcomposer.org/doc/01-basic-usage.md#installing-dependencies",
        "This file is @generated automatically"
    ],
    "content-hash": "0fcff2b632b35accde6c425d4ff0aee7",
    "packages": [
        {
            "name": "srag/activerecordconfig",
            "version": "0.20.7",
            "source": {
                "type": "git",
                "url": "https://github.com/fluxapps/ActiveRecordConfig.git",
                "reference": "6c482f01d0bccf1d918bb4fdee9fbded2f9326e5"
            },
            "dist": {
                "type": "zip",
                "url": "https://api.github.com/repos/fluxapps/ActiveRecordConfig/zipball/6c482f01d0bccf1d918bb4fdee9fbded2f9326e5",
                "reference": "6c482f01d0bccf1d918bb4fdee9fbded2f9326e5",
                "shasum": ""
            },
            "require": {
                "php": ">=7.0",
                "srag/custominputguis": ">=0.1.0",
                "srag/dic": ">=0.1.0"
            },
            "require-dev": {
                "srag/generateplugininfoshelper": ">=0.1.0"
            },
            "type": "library",
            "extra": {
                "ilias_plugin": {
                    "ilias_min_version": "5.4.0",
                    "ilias_max_version": "6.999"
                },
                "generate_plugin_readme_template": "ILIAS_LIBRARY",
                "long_description_template": "src/LONG_DESCRIPTION.md"
            },
            "autoload": {
                "psr-4": {
                    "srag\\ActiveRecordConfig\\": "src/"
                }
            },
            "notification-url": "https://packagist.org/downloads/",
            "license": [
                "GPL-3.0-only"
            ],
            "authors": [
                {
                    "name": "fluxlabs",
                    "email": "support@fluxlabs.ch",
                    "homepage": "https://fluxlabs.ch",
                    "role": "Developer"
                }
            ],
            "description": "Simple ActiveRecord config for ILIAS plugins",
            "homepage": "https://github.com/fluxapps/ActiveRecordConfig",
            "keywords": [
                "ILIAS",
                "activerecord",
                "config"
            ],
            "time": "2021-06-04T08:20:11+00:00"
        },
        {
            "name": "srag/custominputguis",
            "version": "0.42.8",
            "source": {
                "type": "git",
                "url": "https://github.com/fluxapps/CustomInputGUIs.git",
                "reference": "31e9f653647690a51bee8993c5ba8460cb46ebaa"
            },
            "dist": {
                "type": "zip",
                "url": "https://api.github.com/repos/fluxapps/CustomInputGUIs/zipball/31e9f653647690a51bee8993c5ba8460cb46ebaa",
                "reference": "31e9f653647690a51bee8993c5ba8460cb46ebaa",
                "shasum": ""
            },
            "require": {
                "php": ">=7.0",
                "srag/dic": ">=0.1.0"
            },
            "require-dev": {
                "srag/generateplugininfoshelper": ">=0.1.0"
            },
            "type": "library",
            "extra": {
                "ilias_plugin": {
                    "ilias_min_version": "5.4.0",
                    "ilias_max_version": "6.999"
                },
                "generate_plugin_readme_template": "ILIAS_LIBRARY",
                "long_description_template": "src/LONG_DESCRIPTION.md"
            },
            "autoload": {
                "psr-4": {
                    "srag\\CustomInputGUIs\\": "src/"
                },
                "classmap": [
                    "src/MultiSelectSearchNewInputGUI/class.ObjectChildrenAjaxAutoCompleteCtrl.php",
                    "src/MultiSelectSearchNewInputGUI/class.ObjectsAjaxAutoCompleteCtrl.php",
                    "src/MultiSelectSearchNewInputGUI/class.OrgUnitAjaxAutoCompleteCtrl.php",
                    "src/MultiSelectSearchNewInputGUI/class.UsersAjaxAutoCompleteCtrl.php"
                ]
            },
            "notification-url": "https://packagist.org/downloads/",
            "license": [
                "GPL-3.0-only"
            ],
            "authors": [
                {
                    "name": "fluxlabs",
                    "email": "support@fluxlabs.ch",
                    "homepage": "https://fluxlabs.ch",
                    "role": "Developer"
                }
            ],
            "description": "Custom Input-GUI's",
            "homepage": "https://github.com/fluxapps/CustomInputGUIs",
            "keywords": [
                "ILIAS",
                "PropertyForm",
                "gui",
                "input",
                "table"
            ],
            "time": "2021-06-04T08:20:40+00:00"
        },
        {
            "name": "srag/devtools",
            "version": "1.2.11",
            "source": {
                "type": "git",
                "url": "https://github.com/fluxapps/DevTools.git",
                "reference": "b2b05099ca3c5d7aa0d9c7767bfd9d0368225085"
            },
            "dist": {
                "type": "zip",
                "url": "https://api.github.com/repos/fluxapps/DevTools/zipball/b2b05099ca3c5d7aa0d9c7767bfd9d0368225085",
                "reference": "b2b05099ca3c5d7aa0d9c7767bfd9d0368225085",
                "shasum": ""
            },
            "require": {
                "php": ">=7.0",
                "srag/dic": ">=0.1.0",
                "srag/librarylanguageinstaller": ">=0.1.0"
            },
            "require-dev": {
                "srag/generateplugininfoshelper": ">=0.1.0"
            },
            "type": "library",
            "extra": {
                "ilias_plugin": {
                    "ilias_min_version": "5.4.0",
                    "ilias_max_version": "6.999"
                },
                "generate_plugin_readme_template": "ILIAS_LIBRARY",
                "long_description_template": "src/LONG_DESCRIPTION.md"
            },
            "autoload": {
                "psr-4": {
                    "srag\\DevTools\\": "src/"
                },
                "classmap": [
                    "src/class.DevToolsCtrl.php"
                ]
            },
            "notification-url": "https://packagist.org/downloads/",
            "license": [
                "GPL-3.0-only"
            ],
            "authors": [
                {
                    "name": "fluxlabs",
                    "email": "support@fluxlabs.ch",
                    "homepage": "https://fluxlabs.ch",
                    "role": "Developer"
                }
            ],
            "description": "Add some dev tools to ILIAS plugin config, if core dev mode is enabled, like reload ctrl structure",
            "homepage": "https://github.com/fluxapps/DevTools",
            "keywords": [
                "ILIAS",
                "dev",
                "plugin",
                "tools"
            ],
            "time": "2021-06-04T08:21:18+00:00"
        },
        {
            "name": "srag/dic",
            "version": "0.32.4",
            "source": {
                "type": "git",
                "url": "https://github.com/fluxapps/DIC.git",
                "reference": "12ad676887c10a76128415471f393a1051fb8fbb"
            },
            "dist": {
                "type": "zip",
                "url": "https://api.github.com/repos/fluxapps/DIC/zipball/12ad676887c10a76128415471f393a1051fb8fbb",
                "reference": "12ad676887c10a76128415471f393a1051fb8fbb",
                "shasum": ""
            },
            "require": {
                "php": ">=7.0"
            },
            "require-dev": {
                "srag/generateplugininfoshelper": ">=0.1.0"
            },
            "type": "library",
            "extra": {
                "ilias_plugin": {
                    "ilias_min_version": "5.4.0",
                    "ilias_max_version": "6.999"
                },
                "generate_plugin_readme_template": "ILIAS_LIBRARY",
                "long_description_template": "src/LONG_DESCRIPTION.md"
            },
            "autoload": {
                "psr-4": {
                    "srag\\DIC\\": "src/"
                }
            },
            "notification-url": "https://packagist.org/downloads/",
            "license": [
                "GPL-3.0-only"
            ],
            "authors": [
                {
                    "name": "fluxlabs",
                    "email": "support@fluxlabs.ch",
                    "homepage": "https://fluxlabs.ch",
                    "role": "Developer"
                }
            ],
            "description": "Use all ILIAS globals in your class",
            "homepage": "https://github.com/fluxapps/DIC",
            "keywords": [
                "ILIAS",
                "dic",
                "globals",
                "trait"
            ],
            "time": "2021-06-04T08:21:42+00:00"
        },
        {
            "name": "srag/generateplugininfoshelper",
            "version": "2.10.4",
            "source": {
                "type": "git",
                "url": "https://github.com/fluxapps/GeneratePluginInfosHelper.git",
                "reference": "fe5871f8f3881aea30ad290819a724824e304792"
            },
            "dist": {
                "type": "zip",
                "url": "https://api.github.com/repos/fluxapps/GeneratePluginInfosHelper/zipball/fe5871f8f3881aea30ad290819a724824e304792",
                "reference": "fe5871f8f3881aea30ad290819a724824e304792",
                "shasum": ""
            },
            "require": {
                "php": ">=7.0"
            },
            "type": "library",
            "extra": {
                "generate_plugin_readme_template": "LIBRARY",
                "long_description_template": "src/LONG_DESCRIPTION.md"
            },
            "autoload": {
                "psr-4": {
                    "srag\\GeneratePluginInfosHelper\\": "src/"
                }
            },
            "notification-url": "https://packagist.org/downloads/",
            "license": [
                "GPL-3.0-only"
            ],
            "authors": [
                {
                    "name": "fluxlabs",
                    "email": "support@fluxlabs.ch",
                    "homepage": "https://fluxlabs.ch",
                    "role": "Developer"
                }
            ],
            "description": "Automatic generate plugin infos such README.md, plugin.php, plugin.xml, ... from composer.json",
            "homepage": "https://github.com/fluxapps/GeneratePluginInfosHelper",
            "keywords": [
                "Infos",
                "generate",
                "helper",
                "plugin"
            ],
            "time": "2021-06-04T08:21:59+00:00"
        },
        {
            "name": "srag/librariesnamespacechanger",
            "version": "0.15.4",
            "source": {
                "type": "git",
                "url": "https://github.com/fluxapps/LibrariesNamespaceChanger.git",
                "reference": "c9dba49e7f13cc2bd4d3b0ff3d5016c756212a97"
            },
            "dist": {
                "type": "zip",
                "url": "https://api.github.com/repos/fluxapps/LibrariesNamespaceChanger/zipball/c9dba49e7f13cc2bd4d3b0ff3d5016c756212a97",
                "reference": "c9dba49e7f13cc2bd4d3b0ff3d5016c756212a97",
                "shasum": ""
            },
            "require": {
                "php": ">=7.0"
            },
            "require-dev": {
                "srag/generateplugininfoshelper": ">=0.1.0"
            },
            "type": "library",
            "extra": {
                "generate_plugin_readme_template": "LIBRARY",
                "long_description_template": "src/LONG_DESCRIPTION.md"
            },
            "autoload": {
                "psr-4": {
                    "srag\\LibrariesNamespaceChanger\\": "src/"
                }
            },
            "notification-url": "https://packagist.org/downloads/",
            "license": [
                "GPL-3.0-only"
            ],
            "authors": [
                {
                    "name": "fluxlabs",
                    "email": "support@fluxlabs.ch",
                    "homepage": "https://fluxlabs.ch",
                    "role": "Developer"
                }
            ],
            "description": "Change namespace of libraries to plugin namespace",
            "homepage": "https://github.com/fluxapps/LibrariesNamespaceChanger",
            "keywords": [
                "changer",
                "libraries",
                "namespace"
            ],
            "time": "2021-06-04T08:23:01+00:00"
        },
        {
            "name": "srag/librarylanguageinstaller",
            "version": "1.1.6",
            "source": {
                "type": "git",
                "url": "https://github.com/fluxapps/LibraryLanguageInstaller.git",
                "reference": "d1836820739a6eb9610b4a54460ec3484aff6ea8"
            },
            "dist": {
                "type": "zip",
                "url": "https://api.github.com/repos/fluxapps/LibraryLanguageInstaller/zipball/d1836820739a6eb9610b4a54460ec3484aff6ea8",
                "reference": "d1836820739a6eb9610b4a54460ec3484aff6ea8",
                "shasum": ""
            },
            "require": {
                "php": ">=7.0",
                "srag/dic": ">=0.1.0"
            },
            "require-dev": {
                "srag/generateplugininfoshelper": ">=0.1.0"
            },
            "type": "library",
            "extra": {
                "ilias_plugin": {
                    "ilias_min_version": "5.4.0",
                    "ilias_max_version": "6.999"
                },
                "generate_plugin_readme_template": "ILIAS_LIBRARY",
                "long_description_template": "src/LONG_DESCRIPTION.md"
            },
            "autoload": {
                "psr-4": {
                    "srag\\LibraryLanguageInstaller\\": "src/"
                }
            },
            "notification-url": "https://packagist.org/downloads/",
            "license": [
                "GPL-3.0-only"
            ],
            "authors": [
                {
                    "name": "fluxlabs",
                    "email": "support@fluxlabs.ch",
                    "homepage": "https://fluxlabs.ch",
                    "role": "Developer"
                }
            ],
            "description": "Install additional and external lang files for a plugin",
            "homepage": "https://github.com/fluxapps/LibraryLanguageInstaller",
            "keywords": [
                "ILIAS",
                "installer",
                "language",
                "library"
            ],
            "time": "2021-06-04T08:23:14+00:00"
        },
        {
            "name": "srag/removeplugindataconfirm",
            "version": "0.7.8",
            "source": {
                "type": "git",
                "url": "https://github.com/fluxapps/RemovePluginDataConfirm.git",
                "reference": "8aff5878054c8b79843701929aaab70a4fe6b9d5"
            },
            "dist": {
                "type": "zip",
                "url": "https://api.github.com/repos/fluxapps/RemovePluginDataConfirm/zipball/8aff5878054c8b79843701929aaab70a4fe6b9d5",
                "reference": "8aff5878054c8b79843701929aaab70a4fe6b9d5",
                "shasum": ""
            },
            "require": {
                "php": ">=7.0",
                "srag/dic": ">=0.1.0",
                "srag/librarylanguageinstaller": ">=0.1.0"
            },
            "require-dev": {
                "srag/generateplugininfoshelper": ">=0.1.0"
            },
            "type": "library",
            "extra": {
                "ilias_plugin": {
                    "ilias_min_version": "5.4.0",
                    "ilias_max_version": "6.999"
                },
                "generate_plugin_readme_template": "ILIAS_LIBRARY",
                "long_description_template": "src/LONG_DESCRIPTION.md"
            },
            "autoload": {
                "psr-4": {
                    "srag\\RemovePluginDataConfirm\\": "src/"
                },
                "classmap": [
                    "src/class.RemovePluginDataConfirmCtrl.php"
                ]
            },
            "notification-url": "https://packagist.org/downloads/",
            "license": [
                "GPL-3.0-only"
            ],
            "authors": [
                {
                    "name": "fluxlabs",
                    "email": "support@fluxlabs.ch",
                    "homepage": "https://fluxlabs.ch",
                    "role": "Developer"
                }
            ],
            "description": "Demand if plugin data should be removed on uninstall",
            "homepage": "https://github.com/fluxapps/RemovePluginDataConfirm",
            "keywords": [
                "ILIAS",
                "confirm",
                "data",
                "plugin",
                "uninstall"
            ],
            "time": "2021-06-04T08:23:38+00:00"
        }
    ],
    "packages-dev": [],
    "aliases": [],
    "minimum-stability": "stable",
    "stability-flags": [],
    "prefer-stable": false,
    "prefer-lowest": false,
    "platform": {
        "php": ">=7.2"
    },
    "platform-dev": [],
    "plugin-api-version": "1.1.0"
}
